// !$*UTF8*$!
{
	archiveVersion = 1;
	classes = {
	};
	objectVersion = 55;
	objects = {

/* Begin PBXBuildFile section */
		D91665CD27DE30320043BAF4 /* Canvas_Performance_TestApp.swift in Sources */ = {isa = PBXBuildFile; fileRef = D91665CC27DE30320043BAF4 /* Canvas_Performance_TestApp.swift */; };
		D91665CF27DE30320043BAF4 /* ContentView.swift in Sources */ = {isa = PBXBuildFile; fileRef = D91665CE27DE30320043BAF4 /* ContentView.swift */; };
		D91665D127DE30340043BAF4 /* Assets.xcassets in Resources */ = {isa = PBXBuildFile; fileRef = D91665D027DE30340043BAF4 /* Assets.xcassets */; };
		D91665D427DE30340043BAF4 /* Preview Assets.xcassets in Resources */ = {isa = PBXBuildFile; fileRef = D91665D327DE30340043BAF4 /* Preview Assets.xcassets */; };
		D91665DD27DE41DA0043BAF4 /* DiamondShape.swift in Sources */ = {isa = PBXBuildFile; fileRef = D91665DC27DE41DA0043BAF4 /* DiamondShape.swift */; };
		D91665E627DE45FE0043BAF4 /* CardShapeView.swift in Sources */ = {isa = PBXBuildFile; fileRef = D91665E527DE45FE0043BAF4 /* CardShapeView.swift */; };
		D91665E927DE47C30043BAF4 /* MultiShapeView.swift in Sources */ = {isa = PBXBuildFile; fileRef = D91665E827DE47C30043BAF4 /* MultiShapeView.swift */; };
		D91665EB27DE48910043BAF4 /* CardCanvasView.swift in Sources */ = {isa = PBXBuildFile; fileRef = D91665EA27DE48910043BAF4 /* CardCanvasView.swift */; };
		D91665ED27DE4A090043BAF4 /* MultiCanvasView.swift in Sources */ = {isa = PBXBuildFile; fileRef = D91665EC27DE4A090043BAF4 /* MultiCanvasView.swift */; };
		D91665EF27DE4A8D0043BAF4 /* CardImageView.swift in Sources */ = {isa = PBXBuildFile; fileRef = D91665EE27DE4A8D0043BAF4 /* CardImageView.swift */; };
		D91665F127DE4AE00043BAF4 /* MultiImageView.swift in Sources */ = {isa = PBXBuildFile; fileRef = D91665F027DE4AE00043BAF4 /* MultiImageView.swift */; };
/* End PBXBuildFile section */

/* Begin PBXFileReference section */
		D91665C927DE30320043BAF4 /* Canvas-Performance-Test.app */ = {isa = PBXFileReference; explicitFileType = wrapper.application; includeInIndex = 0; path = "Canvas-Performance-Test.app"; sourceTree = BUILT_PRODUCTS_DIR; };
		D91665CC27DE30320043BAF4 /* Canvas_Performance_TestApp.swift */ = {isa = PBXFileReference; lastKnownFileType = sourcecode.swift; path = Canvas_Performance_TestApp.swift; sourceTree = "<group>"; };
		D91665CE27DE30320043BAF4 /* ContentView.swift */ = {isa = PBXFileReference; lastKnownFileType = sourcecode.swift; path = ContentView.swift; sourceTree = "<group>"; };
		D91665D027DE30340043BAF4 /* Assets.xcassets */ = {isa = PBXFileReference; lastKnownFileType = folder.assetcatalog; path = Assets.xcassets; sourceTree = "<group>"; };
		D91665D327DE30340043BAF4 /* Preview Assets.xcassets */ = {isa = PBXFileReference; lastKnownFileType = folder.assetcatalog; path = "Preview Assets.xcassets"; sourceTree = "<group>"; };
		D91665DC27DE41DA0043BAF4 /* DiamondShape.swift */ = {isa = PBXFileReference; lastKnownFileType = sourcecode.swift; path = DiamondShape.swift; sourceTree = "<group>"; };
		D91665E527DE45FE0043BAF4 /* CardShapeView.swift */ = {isa = PBXFileReference; lastKnownFileType = sourcecode.swift; path = CardShapeView.swift; sourceTree = "<group>"; };
		D91665E827DE47C30043BAF4 /* MultiShapeView.swift */ = {isa = PBXFileReference; lastKnownFileType = sourcecode.swift; path = MultiShapeView.swift; sourceTree = "<group>"; };
		D91665EA27DE48910043BAF4 /* CardCanvasView.swift */ = {isa = PBXFileReference; lastKnownFileType = sourcecode.swift; path = CardCanvasView.swift; sourceTree = "<group>"; };
		D91665EC27DE4A090043BAF4 /* MultiCanvasView.swift */ = {isa = PBXFileReference; lastKnownFileType = sourcecode.swift; path = MultiCanvasView.swift; sourceTree = "<group>"; };
		D91665EE27DE4A8D0043BAF4 /* CardImageView.swift */ = {isa = PBXFileReference; lastKnownFileType = sourcecode.swift; path = CardImageView.swift; sourceTree = "<group>"; };
		D91665F027DE4AE00043BAF4 /* MultiImageView.swift */ = {isa = PBXFileReference; lastKnownFileType = sourcecode.swift; path = MultiImageView.swift; sourceTree = "<group>"; };
/* End PBXFileReference section */

/* Begin PBXFrameworksBuildPhase section */
		D91665C627DE30320043BAF4 /* Frameworks */ = {
			isa = PBXFrameworksBuildPhase;
			buildActionMask = 2147483647;
			files = (
			);
			runOnlyForDeploymentPostprocessing = 0;
		};
/* End PBXFrameworksBuildPhase section */

/* Begin PBXGroup section */
		D91665C027DE30320043BAF4 = {
			isa = PBXGroup;
			children = (
				D91665CB27DE30320043BAF4 /* Canvas-Performance-Test */,
				D91665CA27DE30320043BAF4 /* Products */,
			);
			sourceTree = "<group>";
		};
		D91665CA27DE30320043BAF4 /* Products */ = {
			isa = PBXGroup;
			children = (
				D91665C927DE30320043BAF4 /* Canvas-Performance-Test.app */,
			);
			name = Products;
			sourceTree = "<group>";
		};
		D91665CB27DE30320043BAF4 /* Canvas-Performance-Test */ = {
			isa = PBXGroup;
			children = (
				D91665CC27DE30320043BAF4 /* Canvas_Performance_TestApp.swift */,
				D91665CE27DE30320043BAF4 /* ContentView.swift */,
				D91665E727DE46A10043BAF4 /* View */,
				D91665DE27DE45250043BAF4 /* Card */,
				D91665D027DE30340043BAF4 /* Assets.xcassets */,
				D91665D227DE30340043BAF4 /* Preview Content */,
			);
			path = "Canvas-Performance-Test";
			sourceTree = "<group>";
		};
		D91665D227DE30340043BAF4 /* Preview Content */ = {
			isa = PBXGroup;
			children = (
				D91665D327DE30340043BAF4 /* Preview Assets.xcassets */,
			);
			path = "Preview Content";
			sourceTree = "<group>";
		};
		D91665DE27DE45250043BAF4 /* Card */ = {
			isa = PBXGroup;
			children = (
				D91665DC27DE41DA0043BAF4 /* DiamondShape.swift */,
				D91665E527DE45FE0043BAF4 /* CardShapeView.swift */,
				D91665EA27DE48910043BAF4 /* CardCanvasView.swift */,
				D91665EE27DE4A8D0043BAF4 /* CardImageView.swift */,
			);
			path = Card;
			sourceTree = "<group>";
		};
		D91665E727DE46A10043BAF4 /* View */ = {
			isa = PBXGroup;
			children = (
				D91665E827DE47C30043BAF4 /* MultiShapeView.swift */,
				D91665EC27DE4A090043BAF4 /* MultiCanvasView.swift */,
				D91665F027DE4AE00043BAF4 /* MultiImageView.swift */,
			);
			path = View;
			sourceTree = "<group>";
		};
/* End PBXGroup section */

/* Begin PBXNativeTarget section */
		D91665C827DE30320043BAF4 /* Canvas-Performance-Test */ = {
			isa = PBXNativeTarget;
			buildConfigurationList = D91665D727DE30340043BAF4 /* Build configuration list for PBXNativeTarget "Canvas-Performance-Test" */;
			buildPhases = (
				D91665C527DE30320043BAF4 /* Sources */,
				D91665C627DE30320043BAF4 /* Frameworks */,
				D91665C727DE30320043BAF4 /* Resources */,
			);
			buildRules = (
			);
			dependencies = (
			);
			name = "Canvas-Performance-Test";
			productName = "Canvas-Performance-Test";
			productReference = D91665C927DE30320043BAF4 /* Canvas-Performance-Test.app */;
			productType = "com.apple.product-type.application";
		};
/* End PBXNativeTarget section */

/* Begin PBXProject section */
		D91665C127DE30320043BAF4 /* Project object */ = {
			isa = PBXProject;
			attributes = {
				BuildIndependentTargetsInParallel = 1;
				LastSwiftUpdateCheck = 1330;
				LastUpgradeCheck = 1330;
				TargetAttributes = {
					D91665C827DE30320043BAF4 = {
						CreatedOnToolsVersion = 13.3;
					};
				};
			};
			buildConfigurationList = D91665C427DE30320043BAF4 /* Build configuration list for PBXProject "Canvas-Performance-Test" */;
			compatibilityVersion = "Xcode 13.0";
			developmentRegion = en;
			hasScannedForEncodings = 0;
			knownRegions = (
				en,
				Base,
			);
			mainGroup = D91665C027DE30320043BAF4;
			productRefGroup = D91665CA27DE30320043BAF4 /* Products */;
			projectDirPath = "";
			projectRoot = "";
			targets = (
				D91665C827DE30320043BAF4 /* Canvas-Performance-Test */,
			);
		};
/* End PBXProject section */

/* Begin PBXResourcesBuildPhase section */
		D91665C727DE30320043BAF4 /* Resources */ = {
			isa = PBXResourcesBuildPhase;
			buildActionMask = 2147483647;
			files = (
				D91665D427DE30340043BAF4 /* Preview Assets.xcassets in Resources */,
				D91665D127DE30340043BAF4 /* Assets.xcassets in Resources */,
			);
			runOnlyForDeploymentPostprocessing = 0;
		};
/* End PBXResourcesBuildPhase section */

/* Begin PBXSourcesBuildPhase section */
		D91665C527DE30320043BAF4 /* Sources */ = {
			isa = PBXSourcesBuildPhase;
			buildActionMask = 2147483647;
			files = (
				D91665E627DE45FE0043BAF4 /* CardShapeView.swift in Sources */,
				D91665ED27DE4A090043BAF4 /* MultiCanvasView.swift in Sources */,
				D91665F127DE4AE00043BAF4 /* MultiImageView.swift in Sources */,
				D91665E927DE47C30043BAF4 /* MultiShapeView.swift in Sources */,
				D91665DD27DE41DA0043BAF4 /* DiamondShape.swift in Sources */,
				D91665CF27DE30320043BAF4 /* ContentView.swift in Sources */,
				D91665EB27DE48910043BAF4 /* CardCanvasView.swift in Sources */,
				D91665EF27DE4A8D0043BAF4 /* CardImageView.swift in Sources */,
				D91665CD27DE30320043BAF4 /* Canvas_Performance_TestApp.swift in Sources */,
			);
			runOnlyForDeploymentPostprocessing = 0;
		};
/* End PBXSourcesBuildPhase section */

/* Begin XCBuildConfiguration section */
		D91665D527DE30340043BAF4 /* Debug */ = {
			isa = XCBuildConfiguration;
			buildSettings = {
				ALWAYS_SEARCH_USER_PATHS = NO;
				CLANG_ANALYZER_NONNULL = YES;
				CLANG_ANALYZER_NUMBER_OBJECT_CONVERSION = YES_AGGRESSIVE;
				CLANG_CXX_LANGUAGE_STANDARD = "gnu++17";
				CLANG_ENABLE_MODULES = YES;
				CLANG_ENABLE_OBJC_ARC = YES;
				CLANG_ENABLE_OBJC_WEAK = YES;
				CLANG_WARN_BLOCK_CAPTURE_AUTORELEASING = YES;
				CLANG_WARN_BOOL_CONVERSION = YES;
				CLANG_WARN_COMMA = YES;
				CLANG_WARN_CONSTANT_CONVERSION = YES;
				CLANG_WARN_DEPRECATED_OBJC_IMPLEMENTATIONS = YES;
				CLANG_WARN_DIRECT_OBJC_ISA_USAGE = YES_ERROR;
				CLANG_WARN_DOCUMENTATION_COMMENTS = YES;
				CLANG_WARN_EMPTY_BODY = YES;
				CLANG_WARN_ENUM_CONVERSION = YES;
				CLANG_WARN_INFINITE_RECURSION = YES;
				CLANG_WARN_INT_CONVERSION = YES;
				CLANG_WARN_NON_LITERAL_NULL_CONVERSION = YES;
				CLANG_WARN_OBJC_IMPLICIT_RETAIN_SELF = YES;
				CLANG_WARN_OBJC_LITERAL_CONVERSION = YES;
				CLANG_WARN_OBJC_ROOT_CLASS = YES_ERROR;
				CLANG_WARN_QUOTED_INCLUDE_IN_FRAMEWORK_HEADER = YES;
				CLANG_WARN_RANGE_LOOP_ANALYSIS = YES;
				CLANG_WARN_STRICT_PROTOTYPES = YES;
				CLANG_WARN_SUSPICIOUS_MOVE = YES;
				CLANG_WARN_UNGUARDED_AVAILABILITY = YES_AGGRESSIVE;
				CLANG_WARN_UNREACHABLE_CODE = YES;
				CLANG_WARN__DUPLICATE_METHOD_MATCH = YES;
				COPY_PHASE_STRIP = NO;
				DEBUG_INFORMATION_FORMAT = dwarf;
				ENABLE_STRICT_OBJC_MSGSEND = YES;
				ENABLE_TESTABILITY = YES;
				GCC_C_LANGUAGE_STANDARD = gnu11;
				GCC_DYNAMIC_NO_PIC = NO;
				GCC_NO_COMMON_BLOCKS = YES;
				GCC_OPTIMIZATION_LEVEL = 0;
				GCC_PREPROCESSOR_DEFINITIONS = (
					"DEBUG=1",
					"$(inherited)",
				);
				GCC_WARN_64_TO_32_BIT_CONVERSION = YES;
				GCC_WARN_ABOUT_RETURN_TYPE = YES_ERROR;
				GCC_WARN_UNDECLARED_SELECTOR = YES;
				GCC_WARN_UNINITIALIZED_AUTOS = YES_AGGRESSIVE;
				GCC_WARN_UNUSED_FUNCTION = YES;
				GCC_WARN_UNUSED_VARIABLE = YES;
				IPHONEOS_DEPLOYMENT_TARGET = 15.4;
				MTL_ENABLE_DEBUG_INFO = INCLUDE_SOURCE;
				MTL_FAST_MATH = YES;
				ONLY_ACTIVE_ARCH = YES;
				SDKROOT = iphoneos;
				SWIFT_ACTIVE_COMPILATION_CONDITIONS = DEBUG;
				SWIFT_OPTIMIZATION_LEVEL = "-Onone";
			};
			name = Debug;
		};
		D91665D627DE30340043BAF4 /* Release */ = {
			isa = XCBuildConfiguration;
			buildSettings = {
				ALWAYS_SEARCH_USER_PATHS = NO;
				CLANG_ANALYZER_NONNULL = YES;
				CLANG_ANALYZER_NUMBER_OBJECT_CONVERSION = YES_AGGRESSIVE;
				CLANG_CXX_LANGUAGE_STANDARD = "gnu++17";
				CLANG_ENABLE_MODULES = YES;
				CLANG_ENABLE_OBJC_ARC = YES;
				CLANG_ENABLE_OBJC_WEAK = YES;
				CLANG_WARN_BLOCK_CAPTURE_AUTORELEASING = YES;
				CLANG_WARN_BOOL_CONVERSION = YES;
				CLANG_WARN_COMMA = YES;
				CLANG_WARN_CONSTANT_CONVERSION = YES;
				CLANG_WARN_DEPRECATED_OBJC_IMPLEMENTATIONS = YES;
				CLANG_WARN_DIRECT_OBJC_ISA_USAGE = YES_ERROR;
				CLANG_WARN_DOCUMENTATION_COMMENTS = YES;
				CLANG_WARN_EMPTY_BODY = YES;
				CLANG_WARN_ENUM_CONVERSION = YES;
				CLANG_WARN_INFINITE_RECURSION = YES;
				CLANG_WARN_INT_CONVERSION = YES;
				CLANG_WARN_NON_LITERAL_NULL_CONVERSION = YES;
				CLANG_WARN_OBJC_IMPLICIT_RETAIN_SELF = YES;
				CLANG_WARN_OBJC_LITERAL_CONVERSION = YES;
				CLANG_WARN_OBJC_ROOT_CLASS = YES_ERROR;
				CLANG_WARN_QUOTED_INCLUDE_IN_FRAMEWORK_HEADER = YES;
				CLANG_WARN_RANGE_LOOP_ANALYSIS = YES;
				CLANG_WARN_STRICT_PROTOTYPES = YES;
				CLANG_WARN_SUSPICIOUS_MOVE = YES;
				CLANG_WARN_UNGUARDED_AVAILABILITY = YES_AGGRESSIVE;
				CLANG_WARN_UNREACHABLE_CODE = YES;
				CLANG_WARN__DUPLICATE_METHOD_MATCH = YES;
				COPY_PHASE_STRIP = NO;
				DEBUG_INFORMATION_FORMAT = "dwarf-with-dsym";
				ENABLE_NS_ASSERTIONS = NO;
				ENABLE_STRICT_OBJC_MSGSEND = YES;
				GCC_C_LANGUAGE_STANDARD = gnu11;
				GCC_NO_COMMON_BLOCKS = YES;
				GCC_WARN_64_TO_32_BIT_CONVERSION = YES;
				GCC_WARN_ABOUT_RETURN_TYPE = YES_ERROR;
				GCC_WARN_UNDECLARED_SELECTOR = YES;
				GCC_WARN_UNINITIALIZED_AUTOS = YES_AGGRESSIVE;
				GCC_WARN_UNUSED_FUNCTION = YES;
				GCC_WARN_UNUSED_VARIABLE = YES;
				IPHONEOS_DEPLOYMENT_TARGET = 15.4;
				MTL_ENABLE_DEBUG_INFO = NO;
				MTL_FAST_MATH = YES;
				SDKROOT = iphoneos;
				SWIFT_COMPILATION_MODE = wholemodule;
				SWIFT_OPTIMIZATION_LEVEL = "-O";
				VALIDATE_PRODUCT = YES;
			};
			name = Release;
		};
		D91665D827DE30340043BAF4 /* Debug */ = {
			isa = XCBuildConfiguration;
			buildSettings = {
				ASSETCATALOG_COMPILER_APPICON_NAME = AppIcon;
				ASSETCATALOG_COMPILER_GLOBAL_ACCENT_COLOR_NAME = AccentColor;
				CODE_SIGN_STYLE = Automatic;
				CURRENT_PROJECT_VERSION = 1;
				DEVELOPMENT_ASSET_PATHS = "\"Canvas-Performance-Test/Preview Content\"";
				DEVELOPMENT_TEAM = KYG7C4ND55;
				ENABLE_PREVIEWS = YES;
				GENERATE_INFOPLIST_FILE = YES;
				INFOPLIST_KEY_UIApplicationSceneManifest_Generation = YES;
				INFOPLIST_KEY_UIApplicationSupportsIndirectInputEvents = YES;
				INFOPLIST_KEY_UILaunchScreen_Generation = YES;
				INFOPLIST_KEY_UISupportedInterfaceOrientations_iPad = "UIInterfaceOrientationPortrait UIInterfaceOrientationPortraitUpsideDown UIInterfaceOrientationLandscapeLeft UIInterfaceOrientationLandscapeRight";
				INFOPLIST_KEY_UISupportedInterfaceOrientations_iPhone = "UIInterfaceOrientationPortrait UIInterfaceOrientationLandscapeLeft UIInterfaceOrientationLandscapeRight";
				LD_RUNPATH_SEARCH_PATHS = (
					"$(inherited)",
					"@executable_path/Frameworks",
				);
				MARKETING_VERSION = 1.0;
				PRODUCT_BUNDLE_IDENTIFIER = "chung.philip.Canvas-Performance-Test";
				PRODUCT_NAME = "$(TARGET_NAME)";
				SWIFT_EMIT_LOC_STRINGS = YES;
				SWIFT_VERSION = 5.0;
				TARGETED_DEVICE_FAMILY = "1,2";
			};
			name = Debug;
		};
		D91665D927DE30340043BAF4 /* Release */ = {
			isa = XCBuildConfiguration;
			buildSettings = {
				ASSETCATALOG_COMPILER_APPICON_NAME = AppIcon;
				ASSETCATALOG_COMPILER_GLOBAL_ACCENT_COLOR_NAME = AccentColor;
				CODE_SIGN_STYLE = Automatic;
				CURRENT_PROJECT_VERSION = 1;
				DEVELOPMENT_ASSET_PATHS = "\"Canvas-Performance-Test/Preview Content\"";
				DEVELOPMENT_TEAM = KYG7C4ND55;
				ENABLE_PREVIEWS = YES;
				GENERATE_INFOPLIST_FILE = YES;
				INFOPLIST_KEY_UIApplicationSceneManifest_Generation = YES;
				INFOPLIST_KEY_UIApplicationSupportsIndirectInputEvents = YES;
				INFOPLIST_KEY_UILaunchScreen_Generation = YES;
				INFOPLIST_KEY_UISupportedInterfaceOrientations_iPad = "UIInterfaceOrientationPortrait UIInterfaceOrientationPortraitUpsideDown UIInterfaceOrientationLandscapeLeft UIInterfaceOrientationLandscapeRight";
				INFOPLIST_KEY_UISupportedInterfaceOrientations_iPhone = "UIInterfaceOrientationPortrait UIInterfaceOrientationLandscapeLeft UIInterfaceOrientationLandscapeRight";
				LD_RUNPATH_SEARCH_PATHS = (
					"$(inherited)",
					"@executable_path/Frameworks",
				);
				MARKETING_VERSION = 1.0;
				PRODUCT_BUNDLE_IDENTIFIER = "chung.philip.Canvas-Performance-Test";
				PRODUCT_NAME = "$(TARGET_NAME)";
				SWIFT_EMIT_LOC_STRINGS = YES;
				SWIFT_VERSION = 5.0;
				TARGETED_DEVICE_FAMILY = "1,2";
			};
			name = Release;
		};
/* End XCBuildConfiguration section */

/* Begin XCConfigurationList section */
		D91665C427DE30320043BAF4 /* Build configuration list for PBXProject "Canvas-Performance-Test" */ = {
			isa = XCConfigurationList;
			buildConfigurations = (
				D91665D527DE30340043BAF4 /* Debug */,
				D91665D627DE30340043BAF4 /* Release */,
			);
			defaultConfigurationIsVisible = 0;
			defaultConfigurationName = Release;
		};
		D91665D727DE30340043BAF4 /* Build configuration list for PBXNativeTarget "Canvas-Performance-Test" */ = {
			isa = XCConfigurationList;
			buildConfigurations = (
				D91665D827DE30340043BAF4 /* Debug */,
				D91665D927DE30340043BAF4 /* Release */,
			);
			defaultConfigurationIsVisible = 0;
			defaultConfigurationName = Release;
		};
/* End XCConfigurationList section */
	};
	rootObject = D91665C127DE30320043BAF4 /* Project object */;
}
